{
  "name": "mvj-ui",
  "version": "1.2.1",
  "lockfileVersion": 1,
  "requires": true,
  "dependencies": {
    "js-tokens": {
      "version": "3.0.2",
      "resolved": "https://registry.npmjs.org/js-tokens/-/js-tokens-3.0.2.tgz",
      "integrity": "sha1-mGbfOVECEw449/mWvOtlRDIJwls="
    },
    "leaflet": {
      "version": "1.2.0",
      "resolved": "https://registry.npmjs.org/leaflet/-/leaflet-1.2.0.tgz",
      "integrity": "sha512-Bold8phAE6WcRsuwhofrQ7cOK1REFHaYIkKuj7+TBYK3ONKRpGGIb5oXR5akYotFnrWN0TWKh6Svlhflm3dogg=="
    },
    "leaflet-draw": {
      "version": "0.4.13",
      "resolved": "https://registry.npmjs.org/leaflet-draw/-/leaflet-draw-0.4.13.tgz",
      "integrity": "sha512-N/RFhS08viXfJJsGSuM2ZEWcez0F70iWHoHawMWhZ7GDjHyhyId+RLjbb7TxwK/aAbsf7tqz0IP6f1hr0Z1wpw=="
    },
    "lodash-es": {
      "version": "4.17.4",
      "resolved": "https://registry.npmjs.org/lodash-es/-/lodash-es-4.17.4.tgz",
      "integrity": "sha1-3MHXVS4VCgZABzupyzHXDwMpUOc="
    },
    "loose-envify": {
      "version": "1.3.1",
      "resolved": "https://registry.npmjs.org/loose-envify/-/loose-envify-1.3.1.tgz",
      "integrity": "sha1-0aitM/qc4OcT1l/dCsi3SNR4yEg=",
      "requires": {
        "js-tokens": "3.0.2"
      }
    },
    "react-leaflet": {
      "version": "1.7.8",
      "resolved": "https://registry.npmjs.org/react-leaflet/-/react-leaflet-1.7.8.tgz",
      "integrity": "sha512-SEN/QJw8QxOVcxax0D0lqYEYO9IWwn78+laatA+IGaY6H42yD5IxlMcQh9HZGV4NQqs0NPnbc6FW2bHZZIldJA==",
      "requires": {
        "lodash": "4.17.4",
        "lodash-es": "4.17.4",
        "warning": "3.0.0"
      },
      "dependencies": {
        "lodash": {
          "version": "4.17.4",
          "resolved": "https://registry.npmjs.org/lodash/-/lodash-4.17.4.tgz",
          "integrity": "sha1-eCA6TRwyiuHYbcpkYONptX9AVa4="
        }
      }
    },
    "react-leaflet-draw": {
      "version": "0.18.0",
      "resolved": "https://registry.npmjs.org/react-leaflet-draw/-/react-leaflet-draw-0.18.0.tgz",
      "integrity": "sha512-/iJLov5Qe5K9ze1Cmgphk5M6bn5EqvGzrnpPFnH3hJQ9kYqkXhGwZk5zVLlhCN3cy8smiesrMu2+/cpAqGmOrw=="
    },
    "warning": {
      "version": "3.0.0",
      "resolved": "https://registry.npmjs.org/warning/-/warning-3.0.0.tgz",
      "integrity": "sha1-MuU3fLVy3kqwR1O9+IIcAe1gW3w=",
      "requires": {
        "loose-envify": "1.3.1"
      }
    }
  }
}
